{"filter":false,"title":"package-lock.json","tooltip":"/BlogApp-main/package-lock.json","ace":{"folds":[],"scrolltop":0,"scrollleft":0,"selection":{"start":{"row":0,"column":0},"end":{"row":0,"column":0},"isBackwards":false},"options":{"guessTabSize":true,"useWrapMode":false,"wrapToView":true},"firstLineState":0},"hash":"f33a842c906de6c61980acc015f5cfc5aee7027c","mime":"application/json","undoManager":{"mark":-1,"position":-1,"stack":[]},"timestamp":1702098156345}